
Microsoft Visual Studio Solution File, Format Version 12.00
# Visual Studio Version 17
VisualStudioVersion = 17.7.34031.279
MinimumVisualStudioVersion = 10.0.40219.1
Project("{9A19103F-16F7-4668-BE54-9A1E7A4F7556}") = "Blog", "Blog\Blog.csproj", "{90056B17-286D-4989-8881-D49C4383B814}"
EndProject
Project("{9A19103F-16F7-4668-BE54-9A1E7A4F7556}") = "BlogWeb", "BlogWeb\BlogWeb.csproj", "{66BC8FE3-C07E-4497-AFD2-272CE4EFAD0F}"
EndProject
Project("{FAE04EC0-301F-11D3-BF4B-00C04F79EFBC}") = "Blog.Tests", "Blog.Tests\Blog.Tests.csproj", "{43A8D02A-8B61-41B1-AD82-5E0D87797343}"
EndProject
Global
	GlobalSection(SolutionConfigurationPlatforms) = preSolution
		Debug|Any CPU = Debug|Any CPU
		Release|Any CPU = Release|Any CPU
	EndGlobalSection
	GlobalSection(ProjectConfigurationPlatforms) = postSolution
		{90056B17-286D-4989-8881-D49C4383B814}.Debug|Any CPU.ActiveCfg = Debug|Any CPU
		{90056B17-286D-4989-8881-D49C4383B814}.Debug|Any CPU.Build.0 = Debug|Any CPU
		{90056B17-286D-4989-8881-D49C4383B814}.Release|Any CPU.ActiveCfg = Release|Any CPU
		{90056B17-286D-4989-8881-D49C4383B814}.Release|Any CPU.Build.0 = Release|Any CPU
		{66BC8FE3-C07E-4497-AFD2-272CE4EFAD0F}.Debug|Any CPU.ActiveCfg = Debug|Any CPU
		{66BC8FE3-C07E-4497-AFD2-272CE4EFAD0F}.Debug|Any CPU.Build.0 = Debug|Any CPU
		{66BC8FE3-C07E-4497-AFD2-272CE4EFAD0F}.Release|Any CPU.ActiveCfg = Release|Any CPU
		{66BC8FE3-C07E-4497-AFD2-272CE4EFAD0F}.Release|Any CPU.Build.0 = Release|Any CPU
		{43A8D02A-8B61-41B1-AD82-5E0D87797343}.Debug|Any CPU.ActiveCfg = Debug|Any CPU
		{43A8D02A-8B61-41B1-AD82-5E0D87797343}.Debug|Any CPU.Build.0 = Debug|Any CPU
		{43A8D02A-8B61-41B1-AD82-5E0D87797343}.Release|Any CPU.ActiveCfg = Release|Any CPU
		{43A8D02A-8B61-41B1-AD82-5E0D87797343}.Release|Any CPU.Build.0 = Release|Any CPU
	EndGlobalSection
	GlobalSection(SolutionProperties) = preSolution
		HideSolutionNode = FALSE
	EndGlobalSection
	GlobalSection(ExtensibilityGlobals) = postSolution
		SolutionGuid = {3CCC9B10-B774-4E24-BC20-9C461689B62F}
	EndGlobalSection
EndGlobal
